
Microsoft Visual Studio Solution File, Format Version 12.00
# Visual Studio Version 17
VisualStudioVersion = 17.11.35327.3
MinimumVisualStudioVersion = 10.0.40219.1
Project("{FAE04EC0-301F-11D3-BF4B-00C04F79EFBC}") = "TravelTripProje", "TravelTripProje\TravelTripProje.csproj", "{0F3BA537-7879-4E11-A19E-F1D021C4CCF2}"
EndProject
Global
	GlobalSection(SolutionConfigurationPlatforms) = preSolution
		Debug|Any CPU = Debug|Any CPU
		Release|Any CPU = Release|Any CPU
	EndGlobalSection
	GlobalSection(ProjectConfigurationPlatforms) = postSolution
		{0F3BA537-7879-4E11-A19E-F1D021C4CCF2}.Debug|Any CPU.ActiveCfg = Debug|Any CPU
		{0F3BA537-7879-4E11-A19E-F1D021C4CCF2}.Debug|Any CPU.Build.0 = Debug|Any CPU
		{0F3BA537-7879-4E11-A19E-F1D021C4CCF2}.Release|Any CPU.ActiveCfg = Release|Any CPU
		{0F3BA537-7879-4E11-A19E-F1D021C4CCF2}.Release|Any CPU.Build.0 = Release|Any CPU
	EndGlobalSection
	GlobalSection(SolutionProperties) = preSolution
		HideSolutionNode = FALSE
	EndGlobalSection
	GlobalSection(ExtensibilityGlobals) = postSolution
		SolutionGuid = {271F199A-06BC-48A5-A32E-A5DF8601B6A3}
	EndGlobalSection
EndGlobal
